
Microsoft Visual Studio Solution File, Format Version 12.00
# Visual Studio Version 17
VisualStudioVersion = 17.4.33213.308
MinimumVisualStudioVersion = 10.0.40219.1
Project("{FAE04EC0-301F-11D3-BF4B-00C04F79EFBC}") = "MyUserApp", "MyUserApp.csproj", "{6E8E0A60-0AE4-449C-AEF3-A902D7CF267E}"
EndProject
Global
	GlobalSection(SolutionConfigurationPlatforms) = preSolution
		Debug|Any CPU = Debug|Any CPU
		Release|Any CPU = Release|Any CPU
	EndGlobalSection
	GlobalSection(ProjectConfigurationPlatforms) = postSolution
		{6E8E0A60-0AE4-449C-AEF3-A902D7CF267E}.Debug|Any CPU.ActiveCfg = Debug|Any CPU
		{6E8E0A60-0AE4-449C-AEF3-A902D7CF267E}.Debug|Any CPU.Build.0 = Debug|Any CPU
		{6E8E0A60-0AE4-449C-AEF3-A902D7CF267E}.Release|Any CPU.ActiveCfg = Release|Any CPU
		{6E8E0A60-0AE4-449C-AEF3-A902D7CF267E}.Release|Any CPU.Build.0 = Release|Any CPU
	EndGlobalSection
	GlobalSection(SolutionProperties) = preSolution
		HideSolutionNode = FALSE
	EndGlobalSection
	GlobalSection(ExtensibilityGlobals) = postSolution
		SolutionGuid = {EACB7722-AD8B-42A4-839D-93D70A83ED97}
	EndGlobalSection
EndGlobal
